
Microsoft Visual Studio Solution File, Format Version 12.00
# Visual Studio 14
VisualStudioVersion = 14.0.24720.0
MinimumVisualStudioVersion = 10.0.40219.1
Project("{FAE04EC0-301F-11D3-BF4B-00C04F79EFBC}") = "Realwebbo", "Realwebbo\Realwebbo.csproj", "{36ABA698-7ED7-46DB-AE56-8330A17C038E}"
EndProject
Project("{FAE04EC0-301F-11D3-BF4B-00C04F79EFBC}") = "WebApplication1", "WebApplication1\WebApplication1.csproj", "{0BBBE862-2999-4E1F-AA94-460619D3CD76}"
EndProject
Global
	GlobalSection(SolutionConfigurationPlatforms) = preSolution
		Debug|Any CPU = Debug|Any CPU
		Release|Any CPU = Release|Any CPU
	EndGlobalSection
	GlobalSection(ProjectConfigurationPlatforms) = postSolution
		{36ABA698-7ED7-46DB-AE56-8330A17C038E}.Debug|Any CPU.ActiveCfg = Debug|Any CPU
		{36ABA698-7ED7-46DB-AE56-8330A17C038E}.Debug|Any CPU.Build.0 = Debug|Any CPU
		{36ABA698-7ED7-46DB-AE56-8330A17C038E}.Release|Any CPU.ActiveCfg = Release|Any CPU
		{36ABA698-7ED7-46DB-AE56-8330A17C038E}.Release|Any CPU.Build.0 = Release|Any CPU
		{0BBBE862-2999-4E1F-AA94-460619D3CD76}.Debug|Any CPU.ActiveCfg = Debug|Any CPU
		{0BBBE862-2999-4E1F-AA94-460619D3CD76}.Debug|Any CPU.Build.0 = Debug|Any CPU
		{0BBBE862-2999-4E1F-AA94-460619D3CD76}.Release|Any CPU.ActiveCfg = Release|Any CPU
		{0BBBE862-2999-4E1F-AA94-460619D3CD76}.Release|Any CPU.Build.0 = Release|Any CPU
	EndGlobalSection
	GlobalSection(SolutionProperties) = preSolution
		HideSolutionNode = FALSE
	EndGlobalSection
EndGlobal
